
Microsoft Visual Studio Solution File, Format Version 12.00
# Visual Studio Version 17
VisualStudioVersion = 17.2.32526.322
MinimumVisualStudioVersion = 10.0.40219.1
Project("{9A19103F-16F7-4668-BE54-9A1E7A4F7556}") = "IntBasis.DocumentOriented", "IntBasis.DocumentOriented\IntBasis.DocumentOriented.csproj", "{EBF2E9BE-C95E-4BA2-B324-57B29420A3DC}"
EndProject
Project("{9A19103F-16F7-4668-BE54-9A1E7A4F7556}") = "IntBasis.DocumentOriented.Tests", "IntBasis.DocumentOriented.Tests\IntBasis.DocumentOriented.Tests.csproj", "{58C6258D-AD44-4CAB-9E77-364B0B3AB12D}"
EndProject
Project("{9A19103F-16F7-4668-BE54-9A1E7A4F7556}") = "IntBasis.DocumentOriented.RavenDB", "IntBasis.DocumentOriented.RavenDB\IntBasis.DocumentOriented.RavenDB.csproj", "{70564CAA-7658-48E4-A03F-DCB983355606}"
EndProject
Project("{9A19103F-16F7-4668-BE54-9A1E7A4F7556}") = "IntBasis.DocumentOriented.RavenDB.Tests", "IntBasis.DocumentOriented.RavenDB.Tests\IntBasis.DocumentOriented.RavenDB.Tests.csproj", "{23468FF7-AFFF-495F-8F82-49101E129B48}"
EndProject
Project("{9A19103F-16F7-4668-BE54-9A1E7A4F7556}") = "IntBasis.DocumentOriented.Testing", "IntBasis.DocumentOriented.Testing\IntBasis.DocumentOriented.Testing.csproj", "{18AEEBAD-09E7-4567-B864-1B8B969B8105}"
EndProject
Project("{9A19103F-16F7-4668-BE54-9A1E7A4F7556}") = "IntBasis.DocumentOriented.MongoDB", "IntBasis.DocumentOriented.MongoDB\IntBasis.DocumentOriented.MongoDB.csproj", "{5D389665-4919-424E-917A-328C876C13E1}"
EndProject
Project("{9A19103F-16F7-4668-BE54-9A1E7A4F7556}") = "IntBasis.DocumentOriented.MongoDB.Tests", "IntBasis.DocumentOriented.MongoDB.Tests\IntBasis.DocumentOriented.MongoDB.Tests.csproj", "{18336C34-5471-4B45-BC54-66157365EF6C}"
EndProject
Project("{2150E333-8FDC-42A3-9474-1A3956D46DE8}") = "Solution Items", "Solution Items", "{0D65E3F1-B206-41A6-8F91-3BD77B340EEF}"
	ProjectSection(SolutionItems) = preProject
		mongod.cfg = mongod.cfg
		README.md = README.md
	EndProjectSection
EndProject
Project("{D954291E-2A0B-460D-934E-DC6B0785DB48}") = "IntBasis.DocumentOriented.SharedTests", "IntBasis.DocumentOriented.SharedTests\IntBasis.DocumentOriented.SharedTests.shproj", "{35D8E8AB-07E0-430D-8A7A-54C2A93C2FD7}"
EndProject
Global
	GlobalSection(SolutionConfigurationPlatforms) = preSolution
		Debug|Any CPU = Debug|Any CPU
		Release|Any CPU = Release|Any CPU
	EndGlobalSection
	GlobalSection(ProjectConfigurationPlatforms) = postSolution
		{EBF2E9BE-C95E-4BA2-B324-57B29420A3DC}.Debug|Any CPU.ActiveCfg = Debug|Any CPU
		{EBF2E9BE-C95E-4BA2-B324-57B29420A3DC}.Debug|Any CPU.Build.0 = Debug|Any CPU
		{EBF2E9BE-C95E-4BA2-B324-57B29420A3DC}.Release|Any CPU.ActiveCfg = Release|Any CPU
		{EBF2E9BE-C95E-4BA2-B324-57B29420A3DC}.Release|Any CPU.Build.0 = Release|Any CPU
		{58C6258D-AD44-4CAB-9E77-364B0B3AB12D}.Debug|Any CPU.ActiveCfg = Debug|Any CPU
		{58C6258D-AD44-4CAB-9E77-364B0B3AB12D}.Debug|Any CPU.Build.0 = Debug|Any CPU
		{58C6258D-AD44-4CAB-9E77-364B0B3AB12D}.Release|Any CPU.ActiveCfg = Release|Any CPU
		{58C6258D-AD44-4CAB-9E77-364B0B3AB12D}.Release|Any CPU.Build.0 = Release|Any CPU
		{70564CAA-7658-48E4-A03F-DCB983355606}.Debug|Any CPU.ActiveCfg = Debug|Any CPU
		{70564CAA-7658-48E4-A03F-DCB983355606}.Debug|Any CPU.Build.0 = Debug|Any CPU
		{70564CAA-7658-48E4-A03F-DCB983355606}.Release|Any CPU.ActiveCfg = Release|Any CPU
		{70564CAA-7658-48E4-A03F-DCB983355606}.Release|Any CPU.Build.0 = Release|Any CPU
		{23468FF7-AFFF-495F-8F82-49101E129B48}.Debug|Any CPU.ActiveCfg = Debug|Any CPU
		{23468FF7-AFFF-495F-8F82-49101E129B48}.Debug|Any CPU.Build.0 = Debug|Any CPU
		{23468FF7-AFFF-495F-8F82-49101E129B48}.Release|Any CPU.ActiveCfg = Release|Any CPU
		{23468FF7-AFFF-495F-8F82-49101E129B48}.Release|Any CPU.Build.0 = Release|Any CPU
		{18AEEBAD-09E7-4567-B864-1B8B969B8105}.Debug|Any CPU.ActiveCfg = Debug|Any CPU
		{18AEEBAD-09E7-4567-B864-1B8B969B8105}.Debug|Any CPU.Build.0 = Debug|Any CPU
		{18AEEBAD-09E7-4567-B864-1B8B969B8105}.Release|Any CPU.ActiveCfg = Release|Any CPU
		{18AEEBAD-09E7-4567-B864-1B8B969B8105}.Release|Any CPU.Build.0 = Release|Any CPU
		{5D389665-4919-424E-917A-328C876C13E1}.Debug|Any CPU.ActiveCfg = Debug|Any CPU
		{5D389665-4919-424E-917A-328C876C13E1}.Debug|Any CPU.Build.0 = Debug|Any CPU
		{5D389665-4919-424E-917A-328C876C13E1}.Release|Any CPU.ActiveCfg = Release|Any CPU
		{5D389665-4919-424E-917A-328C876C13E1}.Release|Any CPU.Build.0 = Release|Any CPU
		{18336C34-5471-4B45-BC54-66157365EF6C}.Debug|Any CPU.ActiveCfg = Debug|Any CPU
		{18336C34-5471-4B45-BC54-66157365EF6C}.Debug|Any CPU.Build.0 = Debug|Any CPU
		{18336C34-5471-4B45-BC54-66157365EF6C}.Release|Any CPU.ActiveCfg = Release|Any CPU
		{18336C34-5471-4B45-BC54-66157365EF6C}.Release|Any CPU.Build.0 = Release|Any CPU
	EndGlobalSection
	GlobalSection(SolutionProperties) = preSolution
		HideSolutionNode = FALSE
	EndGlobalSection
	GlobalSection(ExtensibilityGlobals) = postSolution
		SolutionGuid = {EF35CB0A-D94E-481F-B6AA-C271B7B97C93}
	EndGlobalSection
	GlobalSection(SharedMSBuildProjectFiles) = preSolution
		IntBasis.DocumentOriented.SharedTests\IntBasis.DocumentOriented.SharedTests.projitems*{18336c34-5471-4b45-bc54-66157365ef6c}*SharedItemsImports = 5
		IntBasis.DocumentOriented.SharedTests\IntBasis.DocumentOriented.SharedTests.projitems*{23468ff7-afff-495f-8f82-49101e129b48}*SharedItemsImports = 5
		IntBasis.DocumentOriented.SharedTests\IntBasis.DocumentOriented.SharedTests.projitems*{35d8e8ab-07e0-430d-8a7a-54c2a93c2fd7}*SharedItemsImports = 13
	EndGlobalSection
EndGlobal
